{
  "name": "empty-project-template",
  "requires": true,
  "lockfileVersion": 1,
  "dependencies": {
    "barcode-reader": {
      "version": "1.6.1",
      "resolved": "https://registry.npmjs.org/barcode-reader/-/barcode-reader-1.6.1.tgz",
      "integrity": "sha1-/7N8iEMFyj8UKeyXV3dDSZkDXwQ="
    }
  }
}
